
Microsoft Visual Studio Solution File, Format Version 12.00
# Visual Studio Version 17
VisualStudioVersion = 17.3.32825.248
MinimumVisualStudioVersion = 10.0.40219.1
Project("{FAE04EC0-301F-11D3-BF4B-00C04F79EFBC}") = "LinqBeginProject", "LinqBeginProject\LinqBeginProject.csproj", "{A3CB3989-1F3B-4D42-A64B-9A7D4A101585}"
EndProject
Global
	GlobalSection(SolutionConfigurationPlatforms) = preSolution
		Debug|Any CPU = Debug|Any CPU
		Release|Any CPU = Release|Any CPU
	EndGlobalSection
	GlobalSection(ProjectConfigurationPlatforms) = postSolution
		{A3CB3989-1F3B-4D42-A64B-9A7D4A101585}.Debug|Any CPU.ActiveCfg = Debug|Any CPU
		{A3CB3989-1F3B-4D42-A64B-9A7D4A101585}.Debug|Any CPU.Build.0 = Debug|Any CPU
		{A3CB3989-1F3B-4D42-A64B-9A7D4A101585}.Release|Any CPU.ActiveCfg = Release|Any CPU
		{A3CB3989-1F3B-4D42-A64B-9A7D4A101585}.Release|Any CPU.Build.0 = Release|Any CPU
	EndGlobalSection
	GlobalSection(SolutionProperties) = preSolution
		HideSolutionNode = FALSE
	EndGlobalSection
	GlobalSection(ExtensibilityGlobals) = postSolution
		SolutionGuid = {48B5C3C3-DCC0-4F3A-9CD0-7555AE2654D0}
	EndGlobalSection
EndGlobal
